<?xml version="1.0" encoding="utf-8"?>
<Project ToolsVersion="4.0" xmlns="http://schemas.microsoft.com/developer/msbuild/2003">
  <ItemGroup>
    <Filter Include="Scenes">
      <UniqueIdentifier>{02cc4b78-c49b-4f9c-ae5b-11ebb85e9593}</UniqueIdentifier>
    </Filter>
  </ItemGroup>
  <ItemGroup>
    <ClInclude Include="JLoadScene.h">
      <Filter>Scenes</Filter>
    </ClInclude>
    <ClInclude Include="JPlayScene.h" />
  </ItemGroup>
  <ItemGroup>
    <ClCompile Include="JPlayScene.cpp" />
  </ItemGroup>
</Project>